
Microsoft Visual Studio Solution File, Format Version 12.00
# Visual Studio Version 17
VisualStudioVersion = 17.0.31903.59
MinimumVisualStudioVersion = 10.0.40219.1
Project("{2150E333-8FDC-42A3-9474-1A3956D46DE8}") = "src", "src", "{827E0CD3-B72D-47B6-A68D-7590B98EB39B}"
EndProject
Project("{FAE04EC0-301F-11D3-BF4B-00C04F79EFBC}") = "ImageKeeper.App", "src\ImageKeeper.App\ImageKeeper.App.csproj", "{C1A3BDBE-9D13-4114-B10C-68B1F9B5CC40}"
EndProject
Project("{FAE04EC0-301F-11D3-BF4B-00C04F79EFBC}") = "ImageKeeper.Core", "src\ImageKeeper.Core\ImageKeeper.Core.csproj", "{99AD8834-8A45-4884-ADD5-2C6B3A83DC6B}"
EndProject
Project("{FAE04EC0-301F-11D3-BF4B-00C04F79EFBC}") = "ImageKeeper.Infrastructure", "src\ImageKeeper.Infrastructure\ImageKeeper.Infrastructure.csproj", "{5DD1CB52-C288-499F-B4DA-D34BB729F9F6}"
EndProject
Project("{FAE04EC0-301F-11D3-BF4B-00C04F79EFBC}") = "ImageKeeper.Contracts", "src\ImageKeeper.Contracts\ImageKeeper.Contracts.csproj", "{42663E51-6050-47AC-8C38-7C745E008173}"
EndProject
Project("{FAE04EC0-301F-11D3-BF4B-00C04F79EFBC}") = "ImageKeeper.PythonBridge", "src\ImageKeeper.PythonBridge\ImageKeeper.PythonBridge.csproj", "{9A7A2DC1-A193-47A0-B5D7-6C4267D8B49B}"
EndProject
Project("{FAE04EC0-301F-11D3-BF4B-00C04F79EFBC}") = "ImageKeeper.Core.Tests", "tests\ImageKeeper.Core.Tests\ImageKeeper.Core.Tests.csproj", "{8517E7C2-DF32-46F6-A8F6-4F0A2D396DFE}"
EndProject
Project("{FAE04EC0-301F-11D3-BF4B-00C04F79EFBC}") = "ImageKeeper.Infrastructure.Tests", "tests\ImageKeeper.Infrastructure.Tests\ImageKeeper.Infrastructure.Tests.csproj", "{58E02E2C-F24B-4CAB-9912-7019BF7165CF}"
EndProject
Global
	GlobalSection(SolutionConfigurationPlatforms) = preSolution
		Debug|Any CPU = Debug|Any CPU
		Debug|x64 = Debug|x64
		Debug|x86 = Debug|x86
		Release|Any CPU = Release|Any CPU
		Release|x64 = Release|x64
		Release|x86 = Release|x86
	EndGlobalSection
	GlobalSection(ProjectConfigurationPlatforms) = postSolution
		{C1A3BDBE-9D13-4114-B10C-68B1F9B5CC40}.Debug|Any CPU.ActiveCfg = Debug|Any CPU
		{C1A3BDBE-9D13-4114-B10C-68B1F9B5CC40}.Debug|Any CPU.Build.0 = Debug|Any CPU
		{C1A3BDBE-9D13-4114-B10C-68B1F9B5CC40}.Debug|x64.ActiveCfg = Debug|Any CPU
		{C1A3BDBE-9D13-4114-B10C-68B1F9B5CC40}.Debug|x64.Build.0 = Debug|Any CPU
		{C1A3BDBE-9D13-4114-B10C-68B1F9B5CC40}.Debug|x86.ActiveCfg = Debug|Any CPU
		{C1A3BDBE-9D13-4114-B10C-68B1F9B5CC40}.Debug|x86.Build.0 = Debug|Any CPU
		{C1A3BDBE-9D13-4114-B10C-68B1F9B5CC40}.Release|Any CPU.ActiveCfg = Release|Any CPU
		{C1A3BDBE-9D13-4114-B10C-68B1F9B5CC40}.Release|Any CPU.Build.0 = Release|Any CPU
		{C1A3BDBE-9D13-4114-B10C-68B1F9B5CC40}.Release|x64.ActiveCfg = Release|Any CPU
		{C1A3BDBE-9D13-4114-B10C-68B1F9B5CC40}.Release|x64.Build.0 = Release|Any CPU
		{C1A3BDBE-9D13-4114-B10C-68B1F9B5CC40}.Release|x86.ActiveCfg = Release|Any CPU
		{C1A3BDBE-9D13-4114-B10C-68B1F9B5CC40}.Release|x86.Build.0 = Release|Any CPU
		{99AD8834-8A45-4884-ADD5-2C6B3A83DC6B}.Debug|Any CPU.ActiveCfg = Debug|Any CPU
		{99AD8834-8A45-4884-ADD5-2C6B3A83DC6B}.Debug|Any CPU.Build.0 = Debug|Any CPU
		{99AD8834-8A45-4884-ADD5-2C6B3A83DC6B}.Debug|x64.ActiveCfg = Debug|Any CPU
		{99AD8834-8A45-4884-ADD5-2C6B3A83DC6B}.Debug|x64.Build.0 = Debug|Any CPU
		{99AD8834-8A45-4884-ADD5-2C6B3A83DC6B}.Debug|x86.ActiveCfg = Debug|Any CPU
		{99AD8834-8A45-4884-ADD5-2C6B3A83DC6B}.Debug|x86.Build.0 = Debug|Any CPU
		{99AD8834-8A45-4884-ADD5-2C6B3A83DC6B}.Release|Any CPU.ActiveCfg = Release|Any CPU
		{99AD8834-8A45-4884-ADD5-2C6B3A83DC6B}.Release|Any CPU.Build.0 = Release|Any CPU
		{99AD8834-8A45-4884-ADD5-2C6B3A83DC6B}.Release|x64.ActiveCfg = Release|Any CPU
		{99AD8834-8A45-4884-ADD5-2C6B3A83DC6B}.Release|x64.Build.0 = Release|Any CPU
		{99AD8834-8A45-4884-ADD5-2C6B3A83DC6B}.Release|x86.ActiveCfg = Release|Any CPU
		{99AD8834-8A45-4884-ADD5-2C6B3A83DC6B}.Release|x86.Build.0 = Release|Any CPU
		{5DD1CB52-C288-499F-B4DA-D34BB729F9F6}.Debug|Any CPU.ActiveCfg = Debug|Any CPU
		{5DD1CB52-C288-499F-B4DA-D34BB729F9F6}.Debug|Any CPU.Build.0 = Debug|Any CPU
		{5DD1CB52-C288-499F-B4DA-D34BB729F9F6}.Debug|x64.ActiveCfg = Debug|Any CPU
		{5DD1CB52-C288-499F-B4DA-D34BB729F9F6}.Debug|x64.Build.0 = Debug|Any CPU
		{5DD1CB52-C288-499F-B4DA-D34BB729F9F6}.Debug|x86.ActiveCfg = Debug|Any CPU
		{5DD1CB52-C288-499F-B4DA-D34BB729F9F6}.Debug|x86.Build.0 = Debug|Any CPU
		{5DD1CB52-C288-499F-B4DA-D34BB729F9F6}.Release|Any CPU.ActiveCfg = Release|Any CPU
		{5DD1CB52-C288-499F-B4DA-D34BB729F9F6}.Release|Any CPU.Build.0 = Release|Any CPU
		{5DD1CB52-C288-499F-B4DA-D34BB729F9F6}.Release|x64.ActiveCfg = Release|Any CPU
		{5DD1CB52-C288-499F-B4DA-D34BB729F9F6}.Release|x64.Build.0 = Release|Any CPU
		{5DD1CB52-C288-499F-B4DA-D34BB729F9F6}.Release|x86.ActiveCfg = Release|Any CPU
		{5DD1CB52-C288-499F-B4DA-D34BB729F9F6}.Release|x86.Build.0 = Release|Any CPU
		{42663E51-6050-47AC-8C38-7C745E008173}.Debug|Any CPU.ActiveCfg = Debug|Any CPU
		{42663E51-6050-47AC-8C38-7C745E008173}.Debug|Any CPU.Build.0 = Debug|Any CPU
		{42663E51-6050-47AC-8C38-7C745E008173}.Debug|x64.ActiveCfg = Debug|Any CPU
		{42663E51-6050-47AC-8C38-7C745E008173}.Debug|x64.Build.0 = Debug|Any CPU
		{42663E51-6050-47AC-8C38-7C745E008173}.Debug|x86.ActiveCfg = Debug|Any CPU
		{42663E51-6050-47AC-8C38-7C745E008173}.Debug|x86.Build.0 = Debug|Any CPU
		{42663E51-6050-47AC-8C38-7C745E008173}.Release|Any CPU.ActiveCfg = Release|Any CPU
		{42663E51-6050-47AC-8C38-7C745E008173}.Release|Any CPU.Build.0 = Release|Any CPU
		{42663E51-6050-47AC-8C38-7C745E008173}.Release|x64.ActiveCfg = Release|Any CPU
		{42663E51-6050-47AC-8C38-7C745E008173}.Release|x64.Build.0 = Release|Any CPU
		{42663E51-6050-47AC-8C38-7C745E008173}.Release|x86.ActiveCfg = Release|Any CPU
		{42663E51-6050-47AC-8C38-7C745E008173}.Release|x86.Build.0 = Release|Any CPU
		{9A7A2DC1-A193-47A0-B5D7-6C4267D8B49B}.Debug|Any CPU.ActiveCfg = Debug|Any CPU
		{9A7A2DC1-A193-47A0-B5D7-6C4267D8B49B}.Debug|Any CPU.Build.0 = Debug|Any CPU
		{9A7A2DC1-A193-47A0-B5D7-6C4267D8B49B}.Debug|x64.ActiveCfg = Debug|Any CPU
		{9A7A2DC1-A193-47A0-B5D7-6C4267D8B49B}.Debug|x64.Build.0 = Debug|Any CPU
		{9A7A2DC1-A193-47A0-B5D7-6C4267D8B49B}.Debug|x86.ActiveCfg = Debug|Any CPU
		{9A7A2DC1-A193-47A0-B5D7-6C4267D8B49B}.Debug|x86.Build.0 = Debug|Any CPU
		{9A7A2DC1-A193-47A0-B5D7-6C4267D8B49B}.Release|Any CPU.ActiveCfg = Release|Any CPU
		{9A7A2DC1-A193-47A0-B5D7-6C4267D8B49B}.Release|Any CPU.Build.0 = Release|Any CPU
		{9A7A2DC1-A193-47A0-B5D7-6C4267D8B49B}.Release|x64.ActiveCfg = Release|Any CPU
		{9A7A2DC1-A193-47A0-B5D7-6C4267D8B49B}.Release|x64.Build.0 = Release|Any CPU
		{9A7A2DC1-A193-47A0-B5D7-6C4267D8B49B}.Release|x86.ActiveCfg = Release|Any CPU
		{9A7A2DC1-A193-47A0-B5D7-6C4267D8B49B}.Release|x86.Build.0 = Release|Any CPU
		{8517E7C2-DF32-46F6-A8F6-4F0A2D396DFE}.Debug|Any CPU.ActiveCfg = Debug|Any CPU
		{8517E7C2-DF32-46F6-A8F6-4F0A2D396DFE}.Debug|Any CPU.Build.0 = Debug|Any CPU
		{8517E7C2-DF32-46F6-A8F6-4F0A2D396DFE}.Debug|x64.ActiveCfg = Debug|Any CPU
		{8517E7C2-DF32-46F6-A8F6-4F0A2D396DFE}.Debug|x64.Build.0 = Debug|Any CPU
		{8517E7C2-DF32-46F6-A8F6-4F0A2D396DFE}.Debug|x86.ActiveCfg = Debug|Any CPU
		{8517E7C2-DF32-46F6-A8F6-4F0A2D396DFE}.Debug|x86.Build.0 = Debug|Any CPU
		{8517E7C2-DF32-46F6-A8F6-4F0A2D396DFE}.Release|Any CPU.ActiveCfg = Release|Any CPU
		{8517E7C2-DF32-46F6-A8F6-4F0A2D396DFE}.Release|Any CPU.Build.0 = Release|Any CPU
		{8517E7C2-DF32-46F6-A8F6-4F0A2D396DFE}.Release|x64.ActiveCfg = Release|Any CPU
		{8517E7C2-DF32-46F6-A8F6-4F0A2D396DFE}.Release|x64.Build.0 = Release|Any CPU
		{8517E7C2-DF32-46F6-A8F6-4F0A2D396DFE}.Release|x86.ActiveCfg = Release|Any CPU
		{8517E7C2-DF32-46F6-A8F6-4F0A2D396DFE}.Release|x86.Build.0 = Release|Any CPU
		{58E02E2C-F24B-4CAB-9912-7019BF7165CF}.Debug|Any CPU.ActiveCfg = Debug|Any CPU
		{58E02E2C-F24B-4CAB-9912-7019BF7165CF}.Debug|Any CPU.Build.0 = Debug|Any CPU
		{58E02E2C-F24B-4CAB-9912-7019BF7165CF}.Debug|x64.ActiveCfg = Debug|Any CPU
		{58E02E2C-F24B-4CAB-9912-7019BF7165CF}.Debug|x64.Build.0 = Debug|Any CPU
		{58E02E2C-F24B-4CAB-9912-7019BF7165CF}.Debug|x86.ActiveCfg = Debug|Any CPU
		{58E02E2C-F24B-4CAB-9912-7019BF7165CF}.Debug|x86.Build.0 = Debug|Any CPU
		{58E02E2C-F24B-4CAB-9912-7019BF7165CF}.Release|Any CPU.ActiveCfg = Release|Any CPU
		{58E02E2C-F24B-4CAB-9912-7019BF7165CF}.Release|Any CPU.Build.0 = Release|Any CPU
		{58E02E2C-F24B-4CAB-9912-7019BF7165CF}.Release|x64.ActiveCfg = Release|Any CPU
		{58E02E2C-F24B-4CAB-9912-7019BF7165CF}.Release|x64.Build.0 = Release|Any CPU
		{58E02E2C-F24B-4CAB-9912-7019BF7165CF}.Release|x86.ActiveCfg = Release|Any CPU
		{58E02E2C-F24B-4CAB-9912-7019BF7165CF}.Release|x86.Build.0 = Release|Any CPU
	EndGlobalSection
	GlobalSection(SolutionProperties) = preSolution
		HideSolutionNode = FALSE
	EndGlobalSection
	GlobalSection(NestedProjects) = preSolution
		{C1A3BDBE-9D13-4114-B10C-68B1F9B5CC40} = {827E0CD3-B72D-47B6-A68D-7590B98EB39B}
		{99AD8834-8A45-4884-ADD5-2C6B3A83DC6B} = {827E0CD3-B72D-47B6-A68D-7590B98EB39B}
		{5DD1CB52-C288-499F-B4DA-D34BB729F9F6} = {827E0CD3-B72D-47B6-A68D-7590B98EB39B}
		{42663E51-6050-47AC-8C38-7C745E008173} = {827E0CD3-B72D-47B6-A68D-7590B98EB39B}
		{9A7A2DC1-A193-47A0-B5D7-6C4267D8B49B} = {827E0CD3-B72D-47B6-A68D-7590B98EB39B}
		{8517E7C2-DF32-46F6-A8F6-4F0A2D396DFE} = {827E0CD3-B72D-47B6-A68D-7590B98EB39B}
		{58E02E2C-F24B-4CAB-9912-7019BF7165CF} = {827E0CD3-B72D-47B6-A68D-7590B98EB39B}
	EndGlobalSection
EndGlobal
